
Microsoft Visual Studio Solution File, Format Version 12.00
# Visual Studio Version 16
VisualStudioVersion = 16.0.30621.155
MinimumVisualStudioVersion = 10.0.40219.1
Project("{FAE04EC0-301F-11D3-BF4B-00C04F79EFBC}") = "TestAutomationFrameWork_Assignment", "TestAutomationFrameWork_Assignment.csproj", "{4C25524C-36C3-4286-88DF-6FA43DEEB226}"
EndProject
Global
	GlobalSection(SolutionConfigurationPlatforms) = preSolution
		Debug|Any CPU = Debug|Any CPU
		Release|Any CPU = Release|Any CPU
	EndGlobalSection
	GlobalSection(ProjectConfigurationPlatforms) = postSolution
		{4C25524C-36C3-4286-88DF-6FA43DEEB226}.Debug|Any CPU.ActiveCfg = Debug|Any CPU
		{4C25524C-36C3-4286-88DF-6FA43DEEB226}.Debug|Any CPU.Build.0 = Debug|Any CPU
		{4C25524C-36C3-4286-88DF-6FA43DEEB226}.Release|Any CPU.ActiveCfg = Release|Any CPU
		{4C25524C-36C3-4286-88DF-6FA43DEEB226}.Release|Any CPU.Build.0 = Release|Any CPU
	EndGlobalSection
	GlobalSection(SolutionProperties) = preSolution
		HideSolutionNode = FALSE
	EndGlobalSection
	GlobalSection(ExtensibilityGlobals) = postSolution
		SolutionGuid = {155971C3-F194-4215-890A-06DB7048B69A}
	EndGlobalSection
EndGlobal
